
Microsoft Visual Studio Solution File, Format Version 12.00
# Visual Studio Version 16
VisualStudioVersion = 16.0.30907.101
MinimumVisualStudioVersion = 10.0.40219.1
Project("{FAE04EC0-301F-11D3-BF4B-00C04F79EFBC}") = "RabbitPopulationSimulation", "RabbitPopulationSimulation\RabbitPopulationSimulation.csproj", "{36D8791E-1B6B-4F04-A5C5-73BC64328F60}"
EndProject
Global
	GlobalSection(SolutionConfigurationPlatforms) = preSolution
		Debug|Any CPU = Debug|Any CPU
		Release|Any CPU = Release|Any CPU
	EndGlobalSection
	GlobalSection(ProjectConfigurationPlatforms) = postSolution
		{36D8791E-1B6B-4F04-A5C5-73BC64328F60}.Debug|Any CPU.ActiveCfg = Debug|Any CPU
		{36D8791E-1B6B-4F04-A5C5-73BC64328F60}.Debug|Any CPU.Build.0 = Debug|Any CPU
		{36D8791E-1B6B-4F04-A5C5-73BC64328F60}.Release|Any CPU.ActiveCfg = Release|Any CPU
		{36D8791E-1B6B-4F04-A5C5-73BC64328F60}.Release|Any CPU.Build.0 = Release|Any CPU
	EndGlobalSection
	GlobalSection(SolutionProperties) = preSolution
		HideSolutionNode = FALSE
	EndGlobalSection
	GlobalSection(ExtensibilityGlobals) = postSolution
		SolutionGuid = {19A35E4C-B1F0-4F80-A48A-E8EFD0D03F13}
	EndGlobalSection
EndGlobal
